{
  "nodes": {
    "flake-utils": {
      "locked": {
        "lastModified": 1614513358,
        "narHash": "sha256-LakhOx3S1dRjnh0b5Dg3mbZyH0ToC9I8Y2wKSkBaTzU=",
        "owner": "numtide",
        "repo": "flake-utils",
        "rev": "5466c5bbece17adaab2d82fae80b46e807611bf3",
        "type": "github"
      },
      "original": {
        "owner": "numtide",
        "ref": "master",
        "repo": "flake-utils",
        "type": "github"
      }
    },
    "flake-utils_2": {
      "locked": {
        "lastModified": 1614513358,
        "narHash": "sha256-LakhOx3S1dRjnh0b5Dg3mbZyH0ToC9I8Y2wKSkBaTzU=",
        "owner": "numtide",
        "repo": "flake-utils",
        "rev": "5466c5bbece17adaab2d82fae80b46e807611bf3",
        "type": "github"
      },
      "original": {
        "owner": "numtide",
        "ref": "master",
        "repo": "flake-utils",
        "type": "github"
      }
    },
    "flake-utils_3": {
      "locked": {
        "lastModified": 1614513358,
        "narHash": "sha256-LakhOx3S1dRjnh0b5Dg3mbZyH0ToC9I8Y2wKSkBaTzU=",
        "owner": "numtide",
        "repo": "flake-utils",
        "rev": "5466c5bbece17adaab2d82fae80b46e807611bf3",
        "type": "github"
      },
      "original": {
        "owner": "numtide",
        "ref": "master",
        "repo": "flake-utils",
        "type": "github"
      }
    },
    "flake-utils_4": {
      "locked": {
        "lastModified": 1614513358,
        "narHash": "sha256-LakhOx3S1dRjnh0b5Dg3mbZyH0ToC9I8Y2wKSkBaTzU=",
        "owner": "numtide",
        "repo": "flake-utils",
        "rev": "5466c5bbece17adaab2d82fae80b46e807611bf3",
        "type": "github"
      },
      "original": {
        "owner": "numtide",
        "ref": "master",
        "repo": "flake-utils",
        "type": "github"
      }
    },
    "flake-utils_5": {
      "locked": {
        "lastModified": 1614513358,
        "narHash": "sha256-LakhOx3S1dRjnh0b5Dg3mbZyH0ToC9I8Y2wKSkBaTzU=",
        "owner": "numtide",
        "repo": "flake-utils",
        "rev": "5466c5bbece17adaab2d82fae80b46e807611bf3",
        "type": "github"
      },
      "original": {
        "owner": "numtide",
        "ref": "master",
        "repo": "flake-utils",
        "type": "github"
      }
    },
    "nixpkgs": {
      "locked": {
        "lastModified": 1616903901,
        "narHash": "sha256-eUhQHO3oqoHucPBpSxD1q01RMUAaEVcBcJg1ojT8Ukc=",
        "owner": "NixOS",
        "repo": "nixpkgs",
        "rev": "eab3dcf262cc256d1945e00cc43b6844a7d895b8",
        "type": "github"
      },
      "original": {
        "id": "nixpkgs",
        "type": "indirect"
      }
    },
    "nixpkgs_2": {
      "locked": {
        "lastModified": 1616903901,
        "narHash": "sha256-eUhQHO3oqoHucPBpSxD1q01RMUAaEVcBcJg1ojT8Ukc=",
        "owner": "NixOS",
        "repo": "nixpkgs",
        "rev": "eab3dcf262cc256d1945e00cc43b6844a7d895b8",
        "type": "github"
      },
      "original": {
        "id": "nixpkgs",
        "type": "indirect"
      }
    },
    "nixpkgs_3": {
      "locked": {
        "lastModified": 1616891080,
        "narHash": "sha256-+oz+G+QPzH17FSPz3BLVfRCZMdkWyy0EdXAmXXRqhYw=",
        "owner": "NixOS",
        "repo": "nixpkgs",
        "rev": "3a498ff0f257024fb17067ce4ab9d7b00b50230e",
        "type": "github"
      },
      "original": {
        "id": "nixpkgs",
        "type": "indirect"
      }
    },
    "nixpkgs_4": {
      "locked": {
        "lastModified": 1616866564,
        "narHash": "sha256-UnHMztF0fd4XPJlxesLgPNx2WKeHpqNtvff7USXOH4s=",
        "owner": "NixOS",
        "repo": "nixpkgs",
        "rev": "1433dad051b601261d39de1bbb63dc030018efd7",
        "type": "github"
      },
      "original": {
        "id": "nixpkgs",
        "type": "indirect"
      }
    },
    "nixpkgs_5": {
      "locked": {
        "lastModified": 1616866564,
        "narHash": "sha256-UnHMztF0fd4XPJlxesLgPNx2WKeHpqNtvff7USXOH4s=",
        "owner": "NixOS",
        "repo": "nixpkgs",
        "rev": "1433dad051b601261d39de1bbb63dc030018efd7",
        "type": "github"
      },
      "original": {
        "id": "nixpkgs",
        "type": "indirect"
      }
    },
    "root": {
      "inputs": {
        "flake-utils": "flake-utils",
        "nixpkgs": "nixpkgs",
        "smunix-diagrams-lib": "smunix-diagrams-lib"
      }
    },
    "smunix-diagrams-core": {
      "inputs": {
        "flake-utils": "flake-utils_3",
        "nixpkgs": "nixpkgs_3",
        "smunix-monoid-extras": "smunix-monoid-extras"
      },
      "locked": {
        "lastModified": 1616902290,
        "narHash": "sha256-VpVFFHu/cvWnJvqhar4+byyrJsvkllYKvWYv0V7ctDg=",
        "owner": "smunix",
        "repo": "diagrams-core",
        "rev": "90c18ccd15d39e78d94fa7020925c0743e4ecf18",
        "type": "github"
      },
      "original": {
        "owner": "smunix",
        "ref": "fix.diagrams",
        "repo": "diagrams-core",
        "type": "github"
      }
    },
    "smunix-diagrams-lib": {
      "inputs": {
        "flake-utils": "flake-utils_2",
        "nixpkgs": "nixpkgs_2",
        "smunix-diagrams-core": "smunix-diagrams-core",
        "smunix-monoid-extras": "smunix-monoid-extras_2"
      },
      "locked": {
        "lastModified": 1616905570,
        "narHash": "sha256-vOIiDLokHziHYz9A8syjL65cokM8cUXq5Oxe+vCI3eU=",
        "owner": "smunix",
        "repo": "diagrams-lib",
        "rev": "48ed2089383a69990eb1a448b08c55af2db78982",
        "type": "github"
      },
      "original": {
        "owner": "smunix",
        "ref": "fix.diagrams",
        "repo": "diagrams-lib",
        "type": "github"
      }
    },
    "smunix-monoid-extras": {
      "inputs": {
        "flake-utils": "flake-utils_4",
        "nixpkgs": "nixpkgs_4"
      },
      "locked": {
        "lastModified": 1616899059,
        "narHash": "sha256-aqP9U0QA6AwB4M6S5nVmJv/gz4vc1JELF0Z5VAFQfEc=",
        "owner": "smunix",
        "repo": "monoid-extras",
        "rev": "a88490126c649b7f099ab4809ecb6930f03725fc",
        "type": "github"
      },
      "original": {
        "owner": "smunix",
        "ref": "fix.diagrams",
        "repo": "monoid-extras",
        "type": "github"
      }
    },
    "smunix-monoid-extras_2": {
      "inputs": {
        "flake-utils": "flake-utils_5",
        "nixpkgs": "nixpkgs_5"
      },
      "locked": {
        "lastModified": 1616899059,
        "narHash": "sha256-aqP9U0QA6AwB4M6S5nVmJv/gz4vc1JELF0Z5VAFQfEc=",
        "owner": "smunix",
        "repo": "monoid-extras",
        "rev": "a88490126c649b7f099ab4809ecb6930f03725fc",
        "type": "github"
      },
      "original": {
        "owner": "smunix",
        "ref": "fix.diagrams",
        "repo": "monoid-extras",
        "type": "github"
      }
    }
  },
  "root": "root",
  "version": 7
}
