{
  "nodes": {
    "flake-utils": {
      "locked": {
        "lastModified": 1614513358,
        "narHash": "sha256-LakhOx3S1dRjnh0b5Dg3mbZyH0ToC9I8Y2wKSkBaTzU=",
        "owner": "numtide",
        "repo": "flake-utils",
        "rev": "5466c5bbece17adaab2d82fae80b46e807611bf3",
        "type": "github"
      },
      "original": {
        "owner": "numtide",
        "ref": "master",
        "repo": "flake-utils",
        "type": "github"
      }
    },
    "flake-utils_2": {
      "locked": {
        "lastModified": 1614513358,
        "narHash": "sha256-LakhOx3S1dRjnh0b5Dg3mbZyH0ToC9I8Y2wKSkBaTzU=",
        "owner": "numtide",
        "repo": "flake-utils",
        "rev": "5466c5bbece17adaab2d82fae80b46e807611bf3",
        "type": "github"
      },
      "original": {
        "owner": "numtide",
        "ref": "master",
        "repo": "flake-utils",
        "type": "github"
      }
    },
    "flake-utils_3": {
      "locked": {
        "lastModified": 1614513358,
        "narHash": "sha256-LakhOx3S1dRjnh0b5Dg3mbZyH0ToC9I8Y2wKSkBaTzU=",
        "owner": "numtide",
        "repo": "flake-utils",
        "rev": "5466c5bbece17adaab2d82fae80b46e807611bf3",
        "type": "github"
      },
      "original": {
        "owner": "numtide",
        "ref": "master",
        "repo": "flake-utils",
        "type": "github"
      }
    },
    "flake-utils_4": {
      "locked": {
        "lastModified": 1614513358,
        "narHash": "sha256-LakhOx3S1dRjnh0b5Dg3mbZyH0ToC9I8Y2wKSkBaTzU=",
        "owner": "numtide",
        "repo": "flake-utils",
        "rev": "5466c5bbece17adaab2d82fae80b46e807611bf3",
        "type": "github"
      },
      "original": {
        "owner": "numtide",
        "ref": "master",
        "repo": "flake-utils",
        "type": "github"
      }
    },
    "flake-utils_5": {
      "locked": {
        "lastModified": 1614513358,
        "narHash": "sha256-LakhOx3S1dRjnh0b5Dg3mbZyH0ToC9I8Y2wKSkBaTzU=",
        "owner": "numtide",
        "repo": "flake-utils",
        "rev": "5466c5bbece17adaab2d82fae80b46e807611bf3",
        "type": "github"
      },
      "original": {
        "owner": "numtide",
        "ref": "master",
        "repo": "flake-utils",
        "type": "github"
      }
    },
    "flake-utils_6": {
      "locked": {
        "lastModified": 1614513358,
        "narHash": "sha256-LakhOx3S1dRjnh0b5Dg3mbZyH0ToC9I8Y2wKSkBaTzU=",
        "owner": "numtide",
        "repo": "flake-utils",
        "rev": "5466c5bbece17adaab2d82fae80b46e807611bf3",
        "type": "github"
      },
      "original": {
        "owner": "numtide",
        "ref": "master",
        "repo": "flake-utils",
        "type": "github"
      }
    },
    "flake-utils_7": {
      "locked": {
        "lastModified": 1614513358,
        "narHash": "sha256-LakhOx3S1dRjnh0b5Dg3mbZyH0ToC9I8Y2wKSkBaTzU=",
        "owner": "numtide",
        "repo": "flake-utils",
        "rev": "5466c5bbece17adaab2d82fae80b46e807611bf3",
        "type": "github"
      },
      "original": {
        "owner": "numtide",
        "ref": "master",
        "repo": "flake-utils",
        "type": "github"
      }
    },
    "flake-utils_8": {
      "locked": {
        "lastModified": 1614513358,
        "narHash": "sha256-LakhOx3S1dRjnh0b5Dg3mbZyH0ToC9I8Y2wKSkBaTzU=",
        "owner": "numtide",
        "repo": "flake-utils",
        "rev": "5466c5bbece17adaab2d82fae80b46e807611bf3",
        "type": "github"
      },
      "original": {
        "owner": "numtide",
        "ref": "master",
        "repo": "flake-utils",
        "type": "github"
      }
    },
    "flake-utils_9": {
      "locked": {
        "lastModified": 1614513358,
        "narHash": "sha256-LakhOx3S1dRjnh0b5Dg3mbZyH0ToC9I8Y2wKSkBaTzU=",
        "owner": "numtide",
        "repo": "flake-utils",
        "rev": "5466c5bbece17adaab2d82fae80b46e807611bf3",
        "type": "github"
      },
      "original": {
        "owner": "numtide",
        "ref": "master",
        "repo": "flake-utils",
        "type": "github"
      }
    },
    "nixpkgs": {
      "locked": {
        "lastModified": 1616670887,
        "narHash": "sha256-wn+l9qJfR5sj5Gq4DheJHAcBDfOs9K2p9seW2f35xzs=",
        "owner": "NixOS",
        "repo": "nixpkgs",
        "rev": "c0e881852006b132236cbf0301bd1939bb50867e",
        "type": "github"
      },
      "original": {
        "id": "nixpkgs",
        "type": "indirect"
      }
    },
    "nixpkgs_2": {
      "locked": {
        "lastModified": 1616670887,
        "narHash": "sha256-wn+l9qJfR5sj5Gq4DheJHAcBDfOs9K2p9seW2f35xzs=",
        "owner": "NixOS",
        "repo": "nixpkgs",
        "rev": "c0e881852006b132236cbf0301bd1939bb50867e",
        "type": "github"
      },
      "original": {
        "id": "nixpkgs",
        "type": "indirect"
      }
    },
    "nixpkgs_3": {
      "locked": {
        "lastModified": 1616866564,
        "narHash": "sha256-UnHMztF0fd4XPJlxesLgPNx2WKeHpqNtvff7USXOH4s=",
        "owner": "NixOS",
        "repo": "nixpkgs",
        "rev": "1433dad051b601261d39de1bbb63dc030018efd7",
        "type": "github"
      },
      "original": {
        "id": "nixpkgs",
        "type": "indirect"
      }
    },
    "nixpkgs_4": {
      "locked": {
        "lastModified": 1616670887,
        "narHash": "sha256-wn+l9qJfR5sj5Gq4DheJHAcBDfOs9K2p9seW2f35xzs=",
        "owner": "NixOS",
        "repo": "nixpkgs",
        "rev": "c0e881852006b132236cbf0301bd1939bb50867e",
        "type": "github"
      },
      "original": {
        "id": "nixpkgs",
        "type": "indirect"
      }
    },
    "nixpkgs_5": {
      "locked": {
        "lastModified": 1616670887,
        "narHash": "sha256-wn+l9qJfR5sj5Gq4DheJHAcBDfOs9K2p9seW2f35xzs=",
        "owner": "NixOS",
        "repo": "nixpkgs",
        "rev": "c0e881852006b132236cbf0301bd1939bb50867e",
        "type": "github"
      },
      "original": {
        "id": "nixpkgs",
        "type": "indirect"
      }
    },
    "nixpkgs_6": {
      "locked": {
        "lastModified": 1616866564,
        "narHash": "sha256-UnHMztF0fd4XPJlxesLgPNx2WKeHpqNtvff7USXOH4s=",
        "owner": "NixOS",
        "repo": "nixpkgs",
        "rev": "1433dad051b601261d39de1bbb63dc030018efd7",
        "type": "github"
      },
      "original": {
        "id": "nixpkgs",
        "type": "indirect"
      }
    },
    "nixpkgs_7": {
      "locked": {
        "lastModified": 1616670887,
        "narHash": "sha256-wn+l9qJfR5sj5Gq4DheJHAcBDfOs9K2p9seW2f35xzs=",
        "owner": "NixOS",
        "repo": "nixpkgs",
        "rev": "c0e881852006b132236cbf0301bd1939bb50867e",
        "type": "github"
      },
      "original": {
        "id": "nixpkgs",
        "type": "indirect"
      }
    },
    "nixpkgs_8": {
      "locked": {
        "lastModified": 1616866564,
        "narHash": "sha256-UnHMztF0fd4XPJlxesLgPNx2WKeHpqNtvff7USXOH4s=",
        "owner": "NixOS",
        "repo": "nixpkgs",
        "rev": "1433dad051b601261d39de1bbb63dc030018efd7",
        "type": "github"
      },
      "original": {
        "id": "nixpkgs",
        "type": "indirect"
      }
    },
    "nixpkgs_9": {
      "locked": {
        "lastModified": 1616866564,
        "narHash": "sha256-UnHMztF0fd4XPJlxesLgPNx2WKeHpqNtvff7USXOH4s=",
        "owner": "NixOS",
        "repo": "nixpkgs",
        "rev": "1433dad051b601261d39de1bbb63dc030018efd7",
        "type": "github"
      },
      "original": {
        "id": "nixpkgs",
        "type": "indirect"
      }
    },
    "root": {
      "inputs": {
        "flake-utils": "flake-utils",
        "nixpkgs": "nixpkgs",
        "smunix-diagrams-core": "smunix-diagrams-core",
        "smunix-diagrams-lib": "smunix-diagrams-lib",
        "smunix-monoid-extras": "smunix-monoid-extras_4"
      }
    },
    "smunix-diagrams-core": {
      "inputs": {
        "flake-utils": "flake-utils_2",
        "nixpkgs": "nixpkgs_2",
        "smunix-monoid-extras": "smunix-monoid-extras"
      },
      "locked": {
        "lastModified": 1616932149,
        "narHash": "sha256-eIYx32EZ9fwkWOeQ7610UeZJ/leS+qD6aZIe4f78C28=",
        "owner": "smunix",
        "repo": "diagrams-core",
        "rev": "9b210d1196e0f3a2666683e85ede94e80dced0e0",
        "type": "github"
      },
      "original": {
        "owner": "smunix",
        "ref": "fix.diagrams",
        "repo": "diagrams-core",
        "type": "github"
      }
    },
    "smunix-diagrams-core_2": {
      "inputs": {
        "flake-utils": "flake-utils_5",
        "nixpkgs": "nixpkgs_5",
        "smunix-monoid-extras": "smunix-monoid-extras_2"
      },
      "locked": {
        "lastModified": 1616932149,
        "narHash": "sha256-eIYx32EZ9fwkWOeQ7610UeZJ/leS+qD6aZIe4f78C28=",
        "owner": "smunix",
        "repo": "diagrams-core",
        "rev": "9b210d1196e0f3a2666683e85ede94e80dced0e0",
        "type": "github"
      },
      "original": {
        "owner": "smunix",
        "ref": "fix.diagrams",
        "repo": "diagrams-core",
        "type": "github"
      }
    },
    "smunix-diagrams-lib": {
      "inputs": {
        "flake-utils": "flake-utils_4",
        "nixpkgs": "nixpkgs_4",
        "smunix-diagrams-core": "smunix-diagrams-core_2",
        "smunix-diagrams-solve": "smunix-diagrams-solve",
        "smunix-monoid-extras": "smunix-monoid-extras_3"
      },
      "locked": {
        "lastModified": 1616932474,
        "narHash": "sha256-MrVeMzzeUqSuHl3nV5JO4feH4ARNUX/NKbVazCJm/Js=",
        "owner": "smunix",
        "repo": "diagrams-lib",
        "rev": "5b3f24ebf164c7887d2b6a04c8fd4ba759f8fd87",
        "type": "github"
      },
      "original": {
        "owner": "smunix",
        "ref": "fix.diagrams",
        "repo": "diagrams-lib",
        "type": "github"
      }
    },
    "smunix-diagrams-solve": {
      "inputs": {
        "flake-utils": "flake-utils_7",
        "nixpkgs": "nixpkgs_7"
      },
      "locked": {
        "lastModified": 1616932231,
        "narHash": "sha256-NR1yUQt0jr5IpsZTuWF9wYp5IizT8rNYvCKjKOIHuCE=",
        "owner": "smunix",
        "repo": "diagrams-solve",
        "rev": "a647fa11c90cd2858a0078da0fc096c6e60a9afc",
        "type": "github"
      },
      "original": {
        "owner": "smunix",
        "ref": "fix.diagrams",
        "repo": "diagrams-solve",
        "type": "github"
      }
    },
    "smunix-monoid-extras": {
      "inputs": {
        "flake-utils": "flake-utils_3",
        "nixpkgs": "nixpkgs_3"
      },
      "locked": {
        "lastModified": 1616931579,
        "narHash": "sha256-U0J/UUuw9zL8drLUc5lOfh+qYYj0RvHgrsdH0lczKE0=",
        "owner": "smunix",
        "repo": "monoid-extras",
        "rev": "9ce98d8d7a193a538934fbc2f125e7061d095e14",
        "type": "github"
      },
      "original": {
        "owner": "smunix",
        "ref": "fix.diagrams",
        "repo": "monoid-extras",
        "type": "github"
      }
    },
    "smunix-monoid-extras_2": {
      "inputs": {
        "flake-utils": "flake-utils_6",
        "nixpkgs": "nixpkgs_6"
      },
      "locked": {
        "lastModified": 1616931579,
        "narHash": "sha256-U0J/UUuw9zL8drLUc5lOfh+qYYj0RvHgrsdH0lczKE0=",
        "owner": "smunix",
        "repo": "monoid-extras",
        "rev": "9ce98d8d7a193a538934fbc2f125e7061d095e14",
        "type": "github"
      },
      "original": {
        "owner": "smunix",
        "ref": "fix.diagrams",
        "repo": "monoid-extras",
        "type": "github"
      }
    },
    "smunix-monoid-extras_3": {
      "inputs": {
        "flake-utils": "flake-utils_8",
        "nixpkgs": "nixpkgs_8"
      },
      "locked": {
        "lastModified": 1616931579,
        "narHash": "sha256-U0J/UUuw9zL8drLUc5lOfh+qYYj0RvHgrsdH0lczKE0=",
        "owner": "smunix",
        "repo": "monoid-extras",
        "rev": "9ce98d8d7a193a538934fbc2f125e7061d095e14",
        "type": "github"
      },
      "original": {
        "owner": "smunix",
        "ref": "fix.diagrams",
        "repo": "monoid-extras",
        "type": "github"
      }
    },
    "smunix-monoid-extras_4": {
      "inputs": {
        "flake-utils": "flake-utils_9",
        "nixpkgs": "nixpkgs_9"
      },
      "locked": {
        "lastModified": 1616931579,
        "narHash": "sha256-U0J/UUuw9zL8drLUc5lOfh+qYYj0RvHgrsdH0lczKE0=",
        "owner": "smunix",
        "repo": "monoid-extras",
        "rev": "9ce98d8d7a193a538934fbc2f125e7061d095e14",
        "type": "github"
      },
      "original": {
        "owner": "smunix",
        "ref": "fix.diagrams",
        "repo": "monoid-extras",
        "type": "github"
      }
    }
  },
  "root": "root",
  "version": 7
}
